
Microsoft Visual Studio Solution File, Format Version 12.00
# Visual Studio 15
VisualStudioVersion = 15.0.27130.2036
MinimumVisualStudioVersion = 10.0.40219.1
Project("{FAE04EC0-301F-11D3-BF4B-00C04F79EFBC}") = "ZhegalkinPolinom", "ZhegalkinPolinom\ZhegalkinPolinom.csproj", "{CF46045F-13D7-4254-B106-8AC4F12FB835}"
EndProject
Global
	GlobalSection(SolutionConfigurationPlatforms) = preSolution
		Debug|Any CPU = Debug|Any CPU
		Release|Any CPU = Release|Any CPU
	EndGlobalSection
	GlobalSection(ProjectConfigurationPlatforms) = postSolution
		{CF46045F-13D7-4254-B106-8AC4F12FB835}.Debug|Any CPU.ActiveCfg = Debug|Any CPU
		{CF46045F-13D7-4254-B106-8AC4F12FB835}.Debug|Any CPU.Build.0 = Debug|Any CPU
		{CF46045F-13D7-4254-B106-8AC4F12FB835}.Release|Any CPU.ActiveCfg = Release|Any CPU
		{CF46045F-13D7-4254-B106-8AC4F12FB835}.Release|Any CPU.Build.0 = Release|Any CPU
	EndGlobalSection
	GlobalSection(SolutionProperties) = preSolution
		HideSolutionNode = FALSE
	EndGlobalSection
	GlobalSection(ExtensibilityGlobals) = postSolution
		SolutionGuid = {8B7E463A-C4D7-4E5B-86AF-ADD5794E4F8A}
	EndGlobalSection
EndGlobal
