
Microsoft Visual Studio Solution File, Format Version 12.00
# Visual Studio 15
VisualStudioVersion = 15.0.27428.2002
MinimumVisualStudioVersion = 10.0.40219.1
Project("{FAE04EC0-301F-11D3-BF4B-00C04F79EFBC}") = "LinqToObj_7", "LinqToObj_№7\LinqToObj_7.csproj", "{6AEB5565-CDBB-4BEA-B421-B316DAF344F5}"
EndProject
Project("{FAE04EC0-301F-11D3-BF4B-00C04F79EFBC}") = "LinqToObj_18", "LinqToObj_18\LinqToObj_18.csproj", "{9424733E-4F8C-46F9-BCCA-D9300D6C370C}"
EndProject
Project("{FAE04EC0-301F-11D3-BF4B-00C04F79EFBC}") = "LinqToObj_29", "LinqToObj_29\LinqToObj_29.csproj", "{38FCA83F-3F6C-495F-AF17-2D8C5F355132}"
EndProject
Project("{FAE04EC0-301F-11D3-BF4B-00C04F79EFBC}") = "LinqToObj_31", "LinqToObj_31\LinqToObj_31.csproj", "{93E5A1C4-AB05-4BCE-B236-7936BD62B72D}"
EndProject
Project("{FAE04EC0-301F-11D3-BF4B-00C04F79EFBC}") = "LinqToObj_40", "LinqToObj_40\LinqToObj_40.csproj", "{147E0759-4203-4983-A2FC-57E444F20426}"
EndProject
Project("{FAE04EC0-301F-11D3-BF4B-00C04F79EFBC}") = "LinqToObj_51", "LinqToObj_51\LinqToObj_51.csproj", "{2EBFDF36-81D7-44AE-BAE5-007FDCD4D0A0}"
EndProject
Project("{FAE04EC0-301F-11D3-BF4B-00C04F79EFBC}") = "LinqToObj_62", "LinqToObj_62\LinqToObj_62.csproj", "{96CAA54A-B7D1-40C5-B3C0-1409160E5D8C}"
EndProject
Project("{FAE04EC0-301F-11D3-BF4B-00C04F79EFBC}") = "LinqToObj_73", "LinqToObj_73\LinqToObj_73.csproj", "{F6582B9D-581A-446B-B28D-6C1BD6286079}"
EndProject
Project("{FAE04EC0-301F-11D3-BF4B-00C04F79EFBC}") = "LinqToObj_84", "LinqToObj_84\LinqToObj_84.csproj", "{0023C372-1FCB-4A5E-96A0-AE78D45FF3B9}"
EndProject
Project("{FAE04EC0-301F-11D3-BF4B-00C04F79EFBC}") = "LinqToObj_95", "LinqToObj_95\LinqToObj_95.csproj", "{7E15C298-09E5-4E66-B6B0-8BB0EFDE5CE4}"
EndProject
Global
	GlobalSection(SolutionConfigurationPlatforms) = preSolution
		Debug|Any CPU = Debug|Any CPU
		Release|Any CPU = Release|Any CPU
	EndGlobalSection
	GlobalSection(ProjectConfigurationPlatforms) = postSolution
		{6AEB5565-CDBB-4BEA-B421-B316DAF344F5}.Debug|Any CPU.ActiveCfg = Debug|Any CPU
		{6AEB5565-CDBB-4BEA-B421-B316DAF344F5}.Debug|Any CPU.Build.0 = Debug|Any CPU
		{6AEB5565-CDBB-4BEA-B421-B316DAF344F5}.Release|Any CPU.ActiveCfg = Release|Any CPU
		{6AEB5565-CDBB-4BEA-B421-B316DAF344F5}.Release|Any CPU.Build.0 = Release|Any CPU
		{9424733E-4F8C-46F9-BCCA-D9300D6C370C}.Debug|Any CPU.ActiveCfg = Debug|Any CPU
		{9424733E-4F8C-46F9-BCCA-D9300D6C370C}.Debug|Any CPU.Build.0 = Debug|Any CPU
		{9424733E-4F8C-46F9-BCCA-D9300D6C370C}.Release|Any CPU.ActiveCfg = Release|Any CPU
		{9424733E-4F8C-46F9-BCCA-D9300D6C370C}.Release|Any CPU.Build.0 = Release|Any CPU
		{38FCA83F-3F6C-495F-AF17-2D8C5F355132}.Debug|Any CPU.ActiveCfg = Debug|Any CPU
		{38FCA83F-3F6C-495F-AF17-2D8C5F355132}.Debug|Any CPU.Build.0 = Debug|Any CPU
		{38FCA83F-3F6C-495F-AF17-2D8C5F355132}.Release|Any CPU.ActiveCfg = Release|Any CPU
		{38FCA83F-3F6C-495F-AF17-2D8C5F355132}.Release|Any CPU.Build.0 = Release|Any CPU
		{93E5A1C4-AB05-4BCE-B236-7936BD62B72D}.Debug|Any CPU.ActiveCfg = Debug|Any CPU
		{93E5A1C4-AB05-4BCE-B236-7936BD62B72D}.Debug|Any CPU.Build.0 = Debug|Any CPU
		{93E5A1C4-AB05-4BCE-B236-7936BD62B72D}.Release|Any CPU.ActiveCfg = Release|Any CPU
		{93E5A1C4-AB05-4BCE-B236-7936BD62B72D}.Release|Any CPU.Build.0 = Release|Any CPU
		{147E0759-4203-4983-A2FC-57E444F20426}.Debug|Any CPU.ActiveCfg = Debug|Any CPU
		{147E0759-4203-4983-A2FC-57E444F20426}.Debug|Any CPU.Build.0 = Debug|Any CPU
		{147E0759-4203-4983-A2FC-57E444F20426}.Release|Any CPU.ActiveCfg = Release|Any CPU
		{147E0759-4203-4983-A2FC-57E444F20426}.Release|Any CPU.Build.0 = Release|Any CPU
		{2EBFDF36-81D7-44AE-BAE5-007FDCD4D0A0}.Debug|Any CPU.ActiveCfg = Debug|Any CPU
		{2EBFDF36-81D7-44AE-BAE5-007FDCD4D0A0}.Debug|Any CPU.Build.0 = Debug|Any CPU
		{2EBFDF36-81D7-44AE-BAE5-007FDCD4D0A0}.Release|Any CPU.ActiveCfg = Release|Any CPU
		{2EBFDF36-81D7-44AE-BAE5-007FDCD4D0A0}.Release|Any CPU.Build.0 = Release|Any CPU
		{96CAA54A-B7D1-40C5-B3C0-1409160E5D8C}.Debug|Any CPU.ActiveCfg = Debug|Any CPU
		{96CAA54A-B7D1-40C5-B3C0-1409160E5D8C}.Debug|Any CPU.Build.0 = Debug|Any CPU
		{96CAA54A-B7D1-40C5-B3C0-1409160E5D8C}.Release|Any CPU.ActiveCfg = Release|Any CPU
		{96CAA54A-B7D1-40C5-B3C0-1409160E5D8C}.Release|Any CPU.Build.0 = Release|Any CPU
		{F6582B9D-581A-446B-B28D-6C1BD6286079}.Debug|Any CPU.ActiveCfg = Debug|Any CPU
		{F6582B9D-581A-446B-B28D-6C1BD6286079}.Debug|Any CPU.Build.0 = Debug|Any CPU
		{F6582B9D-581A-446B-B28D-6C1BD6286079}.Release|Any CPU.ActiveCfg = Release|Any CPU
		{F6582B9D-581A-446B-B28D-6C1BD6286079}.Release|Any CPU.Build.0 = Release|Any CPU
		{0023C372-1FCB-4A5E-96A0-AE78D45FF3B9}.Debug|Any CPU.ActiveCfg = Debug|Any CPU
		{0023C372-1FCB-4A5E-96A0-AE78D45FF3B9}.Debug|Any CPU.Build.0 = Debug|Any CPU
		{0023C372-1FCB-4A5E-96A0-AE78D45FF3B9}.Release|Any CPU.ActiveCfg = Release|Any CPU
		{0023C372-1FCB-4A5E-96A0-AE78D45FF3B9}.Release|Any CPU.Build.0 = Release|Any CPU
		{7E15C298-09E5-4E66-B6B0-8BB0EFDE5CE4}.Debug|Any CPU.ActiveCfg = Debug|Any CPU
		{7E15C298-09E5-4E66-B6B0-8BB0EFDE5CE4}.Debug|Any CPU.Build.0 = Debug|Any CPU
		{7E15C298-09E5-4E66-B6B0-8BB0EFDE5CE4}.Release|Any CPU.ActiveCfg = Release|Any CPU
		{7E15C298-09E5-4E66-B6B0-8BB0EFDE5CE4}.Release|Any CPU.Build.0 = Release|Any CPU
	EndGlobalSection
	GlobalSection(SolutionProperties) = preSolution
		HideSolutionNode = FALSE
	EndGlobalSection
	GlobalSection(ExtensibilityGlobals) = postSolution
		SolutionGuid = {D1D1BBD8-08A6-42D8-A126-060B11D6574C}
	EndGlobalSection
EndGlobal
